// !$*UTF8*$!
{
	archiveVersion = 1;
	classes = {
	};
	objectVersion = 51;
	objects = {

/* Begin PBXBuildFile section */
		040000D84C8E0758BF910906 /* Pods_Parstagram.framework in Frameworks */ = {isa = PBXBuildFile; fileRef = 9D2D9BD1F717F4431BE60E64 /* Pods_Parstagram.framework */; };
		B0E6B9C67EEF6F77A2EE69CD /* Pods_Parstagram_ParstagramUITests.framework in Frameworks */ = {isa = PBXBuildFile; fileRef = 423E2F3D82907C6901A55514 /* Pods_Parstagram_ParstagramUITests.framework */; };
		B1DDD84D59F702BED2DA3EE0 /* Pods_ParstagramTests.framework in Frameworks */ = {isa = PBXBuildFile; fileRef = 277E1CD4F4DEE4D1FE3824FF /* Pods_ParstagramTests.framework */; };
		D8297D4425F966A200D11509 /* AppDelegate.swift in Sources */ = {isa = PBXBuildFile; fileRef = D8297D4325F966A200D11509 /* AppDelegate.swift */; };
		D8297D4625F966A200D11509 /* SceneDelegate.swift in Sources */ = {isa = PBXBuildFile; fileRef = D8297D4525F966A200D11509 /* SceneDelegate.swift */; };
		D8297D4B25F966A200D11509 /* Main.storyboard in Resources */ = {isa = PBXBuildFile; fileRef = D8297D4925F966A200D11509 /* Main.storyboard */; };
		D8297D4D25F966A800D11509 /* Assets.xcassets in Resources */ = {isa = PBXBuildFile; fileRef = D8297D4C25F966A800D11509 /* Assets.xcassets */; };
		D8297D5025F966A800D11509 /* LaunchScreen.storyboard in Resources */ = {isa = PBXBuildFile; fileRef = D8297D4E25F966A800D11509 /* LaunchScreen.storyboard */; };
		D8297D5B25F966A800D11509 /* ParstagramTests.swift in Sources */ = {isa = PBXBuildFile; fileRef = D8297D5A25F966A800D11509 /* ParstagramTests.swift */; };
		D8297D6625F966A800D11509 /* ParstagramUITests.swift in Sources */ = {isa = PBXBuildFile; fileRef = D8297D6525F966A800D11509 /* ParstagramUITests.swift */; };
		D8297D8325F9896E00D11509 /* LoginViewController.swift in Sources */ = {isa = PBXBuildFile; fileRef = D8297D8225F9896E00D11509 /* LoginViewController.swift */; };
		D8297D8825F9898700D11509 /* FeedViewController.swift in Sources */ = {isa = PBXBuildFile; fileRef = D8297D8725F9898700D11509 /* FeedViewController.swift */; };
		D8297D8D25F9937900D11509 /* SignUpViewController.swift in Sources */ = {isa = PBXBuildFile; fileRef = D8297D8C25F9937900D11509 /* SignUpViewController.swift */; };
		D8297D9225F9978C00D11509 /* CameraViewController.swift in Sources */ = {isa = PBXBuildFile; fileRef = D8297D9125F9978C00D11509 /* CameraViewController.swift */; };
		D8297DA225F9AE7D00D11509 /* PostCell.swift in Sources */ = {isa = PBXBuildFile; fileRef = D8297DA125F9AE7D00D11509 /* PostCell.swift */; };
/* End PBXBuildFile section */

/* Begin PBXContainerItemProxy section */
		D8297D5725F966A800D11509 /* PBXContainerItemProxy */ = {
			isa = PBXContainerItemProxy;
			containerPortal = D8297D3825F966A200D11509 /* Project object */;
			proxyType = 1;
			remoteGlobalIDString = D8297D3F25F966A200D11509;
			remoteInfo = Parstagram;
		};
		D8297D6225F966A800D11509 /* PBXContainerItemProxy */ = {
			isa = PBXContainerItemProxy;
			containerPortal = D8297D3825F966A200D11509 /* Project object */;
			proxyType = 1;
			remoteGlobalIDString = D8297D3F25F966A200D11509;
			remoteInfo = Parstagram;
		};
/* End PBXContainerItemProxy section */

/* Begin PBXFileReference section */
		1C0ABFE0A7E788F6C42A06D6 /* Pods-ParstagramTests.release.xcconfig */ = {isa = PBXFileReference; includeInIndex = 1; lastKnownFileType = text.xcconfig; name = "Pods-ParstagramTests.release.xcconfig"; path = "Target Support Files/Pods-ParstagramTests/Pods-ParstagramTests.release.xcconfig"; sourceTree = "<group>"; };
		2067B47441EDBABD09C5B3A7 /* Pods-ParstagramTests.debug.xcconfig */ = {isa = PBXFileReference; includeInIndex = 1; lastKnownFileType = text.xcconfig; name = "Pods-ParstagramTests.debug.xcconfig"; path = "Target Support Files/Pods-ParstagramTests/Pods-ParstagramTests.debug.xcconfig"; sourceTree = "<group>"; };
		277E1CD4F4DEE4D1FE3824FF /* Pods_ParstagramTests.framework */ = {isa = PBXFileReference; explicitFileType = wrapper.framework; includeInIndex = 0; path = Pods_ParstagramTests.framework; sourceTree = BUILT_PRODUCTS_DIR; };
		423E2F3D82907C6901A55514 /* Pods_Parstagram_ParstagramUITests.framework */ = {isa = PBXFileReference; explicitFileType = wrapper.framework; includeInIndex = 0; path = Pods_Parstagram_ParstagramUITests.framework; sourceTree = BUILT_PRODUCTS_DIR; };
		9D2D9BD1F717F4431BE60E64 /* Pods_Parstagram.framework */ = {isa = PBXFileReference; explicitFileType = wrapper.framework; includeInIndex = 0; path = Pods_Parstagram.framework; sourceTree = BUILT_PRODUCTS_DIR; };
		A56DAD8E6A7922F75080E020 /* Pods-Parstagram-ParstagramUITests.release.xcconfig */ = {isa = PBXFileReference; includeInIndex = 1; lastKnownFileType = text.xcconfig; name = "Pods-Parstagram-ParstagramUITests.release.xcconfig"; path = "Target Support Files/Pods-Parstagram-ParstagramUITests/Pods-Parstagram-ParstagramUITests.release.xcconfig"; sourceTree = "<group>"; };
		B48769C569AA172C68228846 /* Pods-Parstagram.release.xcconfig */ = {isa = PBXFileReference; includeInIndex = 1; lastKnownFileType = text.xcconfig; name = "Pods-Parstagram.release.xcconfig"; path = "Target Support Files/Pods-Parstagram/Pods-Parstagram.release.xcconfig"; sourceTree = "<group>"; };
		C647B3F060DD49EA64F4E02A /* Pods-Parstagram-ParstagramUITests.debug.xcconfig */ = {isa = PBXFileReference; includeInIndex = 1; lastKnownFileType = text.xcconfig; name = "Pods-Parstagram-ParstagramUITests.debug.xcconfig"; path = "Target Support Files/Pods-Parstagram-ParstagramUITests/Pods-Parstagram-ParstagramUITests.debug.xcconfig"; sourceTree = "<group>"; };
		D1C0BF49DA38F48B373AE719 /* Pods-Parstagram.debug.xcconfig */ = {isa = PBXFileReference; includeInIndex = 1; lastKnownFileType = text.xcconfig; name = "Pods-Parstagram.debug.xcconfig"; path = "Target Support Files/Pods-Parstagram/Pods-Parstagram.debug.xcconfig"; sourceTree = "<group>"; };
		D8297D4025F966A200D11509 /* Parstagram.app */ = {isa = PBXFileReference; explicitFileType = wrapper.application; includeInIndex = 0; path = Parstagram.app; sourceTree = BUILT_PRODUCTS_DIR; };
		D8297D4325F966A200D11509 /* AppDelegate.swift */ = {isa = PBXFileReference; lastKnownFileType = sourcecode.swift; path = AppDelegate.swift; sourceTree = "<group>"; };
		D8297D4525F966A200D11509 /* SceneDelegate.swift */ = {isa = PBXFileReference; lastKnownFileType = sourcecode.swift; path = SceneDelegate.swift; sourceTree = "<group>"; };
		D8297D4A25F966A200D11509 /* Base */ = {isa = PBXFileReference; lastKnownFileType = file.storyboard; name = Base; path = Base.lproj/Main.storyboard; sourceTree = "<group>"; };
		D8297D4C25F966A800D11509 /* Assets.xcassets */ = {isa = PBXFileReference; lastKnownFileType = folder.assetcatalog; path = Assets.xcassets; sourceTree = "<group>"; };
		D8297D4F25F966A800D11509 /* Base */ = {isa = PBXFileReference; lastKnownFileType = file.storyboard; name = Base; path = Base.lproj/LaunchScreen.storyboard; sourceTree = "<group>"; };
		D8297D5125F966A800D11509 /* Info.plist */ = {isa = PBXFileReference; lastKnownFileType = text.plist.xml; path = Info.plist; sourceTree = "<group>"; };
		D8297D5625F966A800D11509 /* ParstagramTests.xctest */ = {isa = PBXFileReference; explicitFileType = wrapper.cfbundle; includeInIndex = 0; path = ParstagramTests.xctest; sourceTree = BUILT_PRODUCTS_DIR; };
		D8297D5A25F966A800D11509 /* ParstagramTests.swift */ = {isa = PBXFileReference; lastKnownFileType = sourcecode.swift; path = ParstagramTests.swift; sourceTree = "<group>"; };
		D8297D5C25F966A800D11509 /* Info.plist */ = {isa = PBXFileReference; lastKnownFileType = text.plist.xml; path = Info.plist; sourceTree = "<group>"; };
		D8297D6125F966A800D11509 /* ParstagramUITests.xctest */ = {isa = PBXFileReference; explicitFileType = wrapper.cfbundle; includeInIndex = 0; path = ParstagramUITests.xctest; sourceTree = BUILT_PRODUCTS_DIR; };
		D8297D6525F966A800D11509 /* ParstagramUITests.swift */ = {isa = PBXFileReference; lastKnownFileType = sourcecode.swift; path = ParstagramUITests.swift; sourceTree = "<group>"; };
		D8297D6725F966A800D11509 /* Info.plist */ = {isa = PBXFileReference; lastKnownFileType = text.plist.xml; path = Info.plist; sourceTree = "<group>"; };
		D8297D8225F9896E00D11509 /* LoginViewController.swift */ = {isa = PBXFileReference; lastKnownFileType = sourcecode.swift; path = LoginViewController.swift; sourceTree = "<group>"; };
		D8297D8725F9898700D11509 /* FeedViewController.swift */ = {isa = PBXFileReference; lastKnownFileType = sourcecode.swift; path = FeedViewController.swift; sourceTree = "<group>"; };
		D8297D8C25F9937900D11509 /* SignUpViewController.swift */ = {isa = PBXFileReference; lastKnownFileType = sourcecode.swift; path = SignUpViewController.swift; sourceTree = "<group>"; };
		D8297D9125F9978C00D11509 /* CameraViewController.swift */ = {isa = PBXFileReference; lastKnownFileType = sourcecode.swift; path = CameraViewController.swift; sourceTree = "<group>"; };
		D8297DA125F9AE7D00D11509 /* PostCell.swift */ = {isa = PBXFileReference; lastKnownFileType = sourcecode.swift; path = PostCell.swift; sourceTree = "<group>"; };
/* End PBXFileReference section */

/* Begin PBXFrameworksBuildPhase section */
		D8297D3D25F966A200D11509 /* Frameworks */ = {
			isa = PBXFrameworksBuildPhase;
			buildActionMask = 2147483647;
			files = (
				040000D84C8E0758BF910906 /* Pods_Parstagram.framework in Frameworks */,
			);
			runOnlyForDeploymentPostprocessing = 0;
		};
		D8297D5325F966A800D11509 /* Frameworks */ = {
			isa = PBXFrameworksBuildPhase;
			buildActionMask = 2147483647;
			files = (
				B1DDD84D59F702BED2DA3EE0 /* Pods_ParstagramTests.framework in Frameworks */,
			);
			runOnlyForDeploymentPostprocessing = 0;
		};
		D8297D5E25F966A800D11509 /* Frameworks */ = {
			isa = PBXFrameworksBuildPhase;
			buildActionMask = 2147483647;
			files = (
				B0E6B9C67EEF6F77A2EE69CD /* Pods_Parstagram_ParstagramUITests.framework in Frameworks */,
			);
			runOnlyForDeploymentPostprocessing = 0;
		};
/* End PBXFrameworksBuildPhase section */

/* Begin PBXGroup section */
		A274D6E3EC9318B08554052F /* Frameworks */ = {
			isa = PBXGroup;
			children = (
				9D2D9BD1F717F4431BE60E64 /* Pods_Parstagram.framework */,
				423E2F3D82907C6901A55514 /* Pods_Parstagram_ParstagramUITests.framework */,
				277E1CD4F4DEE4D1FE3824FF /* Pods_ParstagramTests.framework */,
			);
			name = Frameworks;
			sourceTree = "<group>";
		};
		AC58008699F70D606AE04376 /* Pods */ = {
			isa = PBXGroup;
			children = (
				D1C0BF49DA38F48B373AE719 /* Pods-Parstagram.debug.xcconfig */,
				B48769C569AA172C68228846 /* Pods-Parstagram.release.xcconfig */,
				C647B3F060DD49EA64F4E02A /* Pods-Parstagram-ParstagramUITests.debug.xcconfig */,
				A56DAD8E6A7922F75080E020 /* Pods-Parstagram-ParstagramUITests.release.xcconfig */,
				2067B47441EDBABD09C5B3A7 /* Pods-ParstagramTests.debug.xcconfig */,
				1C0ABFE0A7E788F6C42A06D6 /* Pods-ParstagramTests.release.xcconfig */,
			);
			path = Pods;
			sourceTree = "<group>";
		};
		D8297D3725F966A200D11509 = {
			isa = PBXGroup;
			children = (
				D8297D4225F966A200D11509 /* Parstagram */,
				D8297D5925F966A800D11509 /* ParstagramTests */,
				D8297D6425F966A800D11509 /* ParstagramUITests */,
				D8297D4125F966A200D11509 /* Products */,
				AC58008699F70D606AE04376 /* Pods */,
				A274D6E3EC9318B08554052F /* Frameworks */,
			);
			sourceTree = "<group>";
		};
		D8297D4125F966A200D11509 /* Products */ = {
			isa = PBXGroup;
			children = (
				D8297D4025F966A200D11509 /* Parstagram.app */,
				D8297D5625F966A800D11509 /* ParstagramTests.xctest */,
				D8297D6125F966A800D11509 /* ParstagramUITests.xctest */,
			);
			name = Products;
			sourceTree = "<group>";
		};
		D8297D4225F966A200D11509 /* Parstagram */ = {
			isa = PBXGroup;
			children = (
				D8297D4325F966A200D11509 /* AppDelegate.swift */,
				D8297D4525F966A200D11509 /* SceneDelegate.swift */,
				D8297D4925F966A200D11509 /* Main.storyboard */,
				D8297D4C25F966A800D11509 /* Assets.xcassets */,
				D8297D4E25F966A800D11509 /* LaunchScreen.storyboard */,
				D8297D5125F966A800D11509 /* Info.plist */,
				D8297D8225F9896E00D11509 /* LoginViewController.swift */,
				D8297D8725F9898700D11509 /* FeedViewController.swift */,
				D8297D8C25F9937900D11509 /* SignUpViewController.swift */,
				D8297D9125F9978C00D11509 /* CameraViewController.swift */,
				D8297DA125F9AE7D00D11509 /* PostCell.swift */,
			);
			path = Parstagram;
			sourceTree = "<group>";
		};
		D8297D5925F966A800D11509 /* ParstagramTests */ = {
			isa = PBXGroup;
			children = (
				D8297D5A25F966A800D11509 /* ParstagramTests.swift */,
				D8297D5C25F966A800D11509 /* Info.plist */,
			);
			path = ParstagramTests;
			sourceTree = "<group>";
		};
		D8297D6425F966A800D11509 /* ParstagramUITests */ = {
			isa = PBXGroup;
			children = (
				D8297D6525F966A800D11509 /* ParstagramUITests.swift */,
				D8297D6725F966A800D11509 /* Info.plist */,
			);
			path = ParstagramUITests;
			sourceTree = "<group>";
		};
/* End PBXGroup section */

/* Begin PBXNativeTarget section */
		D8297D3F25F966A200D11509 /* Parstagram */ = {
			isa = PBXNativeTarget;
			buildConfigurationList = D8297D6A25F966A800D11509 /* Build configuration list for PBXNativeTarget "Parstagram" */;
			buildPhases = (
				A3662EC20A7359D57A09260A /* [CP] Check Pods Manifest.lock */,
				D8297D3C25F966A200D11509 /* Sources */,
				D8297D3D25F966A200D11509 /* Frameworks */,
				D8297D3E25F966A200D11509 /* Resources */,
				49A581D373F8C961C656EAA1 /* [CP] Embed Pods Frameworks */,
			);
			buildRules = (
			);
			dependencies = (
			);
			name = Parstagram;
			productName = Parstagram;
			productReference = D8297D4025F966A200D11509 /* Parstagram.app */;
			productType = "com.apple.product-type.application";
		};
		D8297D5525F966A800D11509 /* ParstagramTests */ = {
			isa = PBXNativeTarget;
			buildConfigurationList = D8297D6D25F966A800D11509 /* Build configuration list for PBXNativeTarget "ParstagramTests" */;
			buildPhases = (
				E93D6E745534F4D4E32C1DD0 /* [CP] Check Pods Manifest.lock */,
				D8297D5225F966A800D11509 /* Sources */,
				D8297D5325F966A800D11509 /* Frameworks */,
				D8297D5425F966A800D11509 /* Resources */,
			);
			buildRules = (
			);
			dependencies = (
				D8297D5825F966A800D11509 /* PBXTargetDependency */,
			);
			name = ParstagramTests;
			productName = ParstagramTests;
			productReference = D8297D5625F966A800D11509 /* ParstagramTests.xctest */;
			productType = "com.apple.product-type.bundle.unit-test";
		};
		D8297D6025F966A800D11509 /* ParstagramUITests */ = {
			isa = PBXNativeTarget;
			buildConfigurationList = D8297D7025F966A800D11509 /* Build configuration list for PBXNativeTarget "ParstagramUITests" */;
			buildPhases = (
				3C85EB2F37AA7E9DE3215F81 /* [CP] Check Pods Manifest.lock */,
				D8297D5D25F966A800D11509 /* Sources */,
				D8297D5E25F966A800D11509 /* Frameworks */,
				D8297D5F25F966A800D11509 /* Resources */,
				4E2FF7719A51E2D89503D661 /* [CP] Embed Pods Frameworks */,
			);
			buildRules = (
			);
			dependencies = (
				D8297D6325F966A800D11509 /* PBXTargetDependency */,
			);
			name = ParstagramUITests;
			productName = ParstagramUITests;
			productReference = D8297D6125F966A800D11509 /* ParstagramUITests.xctest */;
			productType = "com.apple.product-type.bundle.ui-testing";
		};
/* End PBXNativeTarget section */

/* Begin PBXProject section */
		D8297D3825F966A200D11509 /* Project object */ = {
			isa = PBXProject;
			attributes = {
				LastSwiftUpdateCheck = 1240;
				LastUpgradeCheck = 1240;
				TargetAttributes = {
					D8297D3F25F966A200D11509 = {
						CreatedOnToolsVersion = 12.4;
					};
					D8297D5525F966A800D11509 = {
						CreatedOnToolsVersion = 12.4;
						TestTargetID = D8297D3F25F966A200D11509;
					};
					D8297D6025F966A800D11509 = {
						CreatedOnToolsVersion = 12.4;
						TestTargetID = D8297D3F25F966A200D11509;
					};
				};
			};
			buildConfigurationList = D8297D3B25F966A200D11509 /* Build configuration list for PBXProject "Parstagram" */;
			compatibilityVersion = "Xcode 9.3";
			developmentRegion = en;
			hasScannedForEncodings = 0;
			knownRegions = (
				en,
				Base,
			);
			mainGroup = D8297D3725F966A200D11509;
			productRefGroup = D8297D4125F966A200D11509 /* Products */;
			projectDirPath = "";
			projectRoot = "";
			targets = (
				D8297D3F25F966A200D11509 /* Parstagram */,
				D8297D5525F966A800D11509 /* ParstagramTests */,
				D8297D6025F966A800D11509 /* ParstagramUITests */,
			);
		};
/* End PBXProject section */

/* Begin PBXResourcesBuildPhase section */
		D8297D3E25F966A200D11509 /* Resources */ = {
			isa = PBXResourcesBuildPhase;
			buildActionMask = 2147483647;
			files = (
				D8297D5025F966A800D11509 /* LaunchScreen.storyboard in Resources */,
				D8297D4D25F966A800D11509 /* Assets.xcassets in Resources */,
				D8297D4B25F966A200D11509 /* Main.storyboard in Resources */,
			);
			runOnlyForDeploymentPostprocessing = 0;
		};
		D8297D5425F966A800D11509 /* Resources */ = {
			isa = PBXResourcesBuildPhase;
			buildActionMask = 2147483647;
			files = (
			);
			runOnlyForDeploymentPostprocessing = 0;
		};
		D8297D5F25F966A800D11509 /* Resources */ = {
			isa = PBXResourcesBuildPhase;
			buildActionMask = 2147483647;
			files = (
			);
			runOnlyForDeploymentPostprocessing = 0;
		};
/* End PBXResourcesBuildPhase section */

/* Begin PBXShellScriptBuildPhase section */
		3C85EB2F37AA7E9DE3215F81 /* [CP] Check Pods Manifest.lock */ = {
			isa = PBXShellScriptBuildPhase;
			buildActionMask = 2147483647;
			files = (
			);
			inputFileListPaths = (
			);
			inputPaths = (
				"${PODS_PODFILE_DIR_PATH}/Podfile.lock",
				"${PODS_ROOT}/Manifest.lock",
			);
			name = "[CP] Check Pods Manifest.lock";
			outputFileListPaths = (
			);
			outputPaths = (
				"$(DERIVED_FILE_DIR)/Pods-Parstagram-ParstagramUITests-checkManifestLockResult.txt",
			);
			runOnlyForDeploymentPostprocessing = 0;
			shellPath = /bin/sh;
			shellScript = "diff \"${PODS_PODFILE_DIR_PATH}/Podfile.lock\" \"${PODS_ROOT}/Manifest.lock\" > /dev/null\nif [ $? != 0 ] ; then\n    # print error to STDERR\n    echo \"error: The sandbox is not in sync with the Podfile.lock. Run 'pod install' or update your CocoaPods installation.\" >&2\n    exit 1\nfi\n# This output is used by Xcode 'outputs' to avoid re-running this script phase.\necho \"SUCCESS\" > \"${SCRIPT_OUTPUT_FILE_0}\"\n";
			showEnvVarsInLog = 0;
		};
		49A581D373F8C961C656EAA1 /* [CP] Embed Pods Frameworks */ = {
			isa = PBXShellScriptBuildPhase;
			buildActionMask = 2147483647;
			files = (
			);
			inputFileListPaths = (
				"${PODS_ROOT}/Target Support Files/Pods-Parstagram/Pods-Parstagram-frameworks-${CONFIGURATION}-input-files.xcfilelist",
			);
			name = "[CP] Embed Pods Frameworks";
			outputFileListPaths = (
				"${PODS_ROOT}/Target Support Files/Pods-Parstagram/Pods-Parstagram-frameworks-${CONFIGURATION}-output-files.xcfilelist",
			);
			runOnlyForDeploymentPostprocessing = 0;
			shellPath = /bin/sh;
			shellScript = "\"${PODS_ROOT}/Target Support Files/Pods-Parstagram/Pods-Parstagram-frameworks.sh\"\n";
			showEnvVarsInLog = 0;
		};
		4E2FF7719A51E2D89503D661 /* [CP] Embed Pods Frameworks */ = {
			isa = PBXShellScriptBuildPhase;
			buildActionMask = 2147483647;
			files = (
			);
			inputFileListPaths = (
				"${PODS_ROOT}/Target Support Files/Pods-Parstagram-ParstagramUITests/Pods-Parstagram-ParstagramUITests-frameworks-${CONFIGURATION}-input-files.xcfilelist",
			);
			name = "[CP] Embed Pods Frameworks";
			outputFileListPaths = (
				"${PODS_ROOT}/Target Support Files/Pods-Parstagram-ParstagramUITests/Pods-Parstagram-ParstagramUITests-frameworks-${CONFIGURATION}-output-files.xcfilelist",
			);
			runOnlyForDeploymentPostprocessing = 0;
			shellPath = /bin/sh;
			shellScript = "\"${PODS_ROOT}/Target Support Files/Pods-Parstagram-ParstagramUITests/Pods-Parstagram-ParstagramUITests-frameworks.sh\"\n";
			showEnvVarsInLog = 0;
		};
		A3662EC20A7359D57A09260A /* [CP] Check Pods Manifest.lock */ = {
			isa = PBXShellScriptBuildPhase;
			buildActionMask = 2147483647;
			files = (
			);
			inputFileListPaths = (
			);
			inputPaths = (
				"${PODS_PODFILE_DIR_PATH}/Podfile.lock",
				"${PODS_ROOT}/Manifest.lock",
			);
			name = "[CP] Check Pods Manifest.lock";
			outputFileListPaths = (
			);
			outputPaths = (
				"$(DERIVED_FILE_DIR)/Pods-Parstagram-checkManifestLockResult.txt",
			);
			runOnlyForDeploymentPostprocessing = 0;
			shellPath = /bin/sh;
			shellScript = "diff \"${PODS_PODFILE_DIR_PATH}/Podfile.lock\" \"${PODS_ROOT}/Manifest.lock\" > /dev/null\nif [ $? != 0 ] ; then\n    # print error to STDERR\n    echo \"error: The sandbox is not in sync with the Podfile.lock. Run 'pod install' or update your CocoaPods installation.\" >&2\n    exit 1\nfi\n# This output is used by Xcode 'outputs' to avoid re-running this script phase.\necho \"SUCCESS\" > \"${SCRIPT_OUTPUT_FILE_0}\"\n";
			showEnvVarsInLog = 0;
		};
		E93D6E745534F4D4E32C1DD0 /* [CP] Check Pods Manifest.lock */ = {
			isa = PBXShellScriptBuildPhase;
			buildActionMask = 2147483647;
			files = (
			);
			inputFileListPaths = (
			);
			inputPaths = (
				"${PODS_PODFILE_DIR_PATH}/Podfile.lock",
				"${PODS_ROOT}/Manifest.lock",
			);
			name = "[CP] Check Pods Manifest.lock";
			outputFileListPaths = (
			);
			outputPaths = (
				"$(DERIVED_FILE_DIR)/Pods-ParstagramTests-checkManifestLockResult.txt",
			);
			runOnlyForDeploymentPostprocessing = 0;
			shellPath = /bin/sh;
			shellScript = "diff \"${PODS_PODFILE_DIR_PATH}/Podfile.lock\" \"${PODS_ROOT}/Manifest.lock\" > /dev/null\nif [ $? != 0 ] ; then\n    # print error to STDERR\n    echo \"error: The sandbox is not in sync with the Podfile.lock. Run 'pod install' or update your CocoaPods installation.\" >&2\n    exit 1\nfi\n# This output is used by Xcode 'outputs' to avoid re-running this script phase.\necho \"SUCCESS\" > \"${SCRIPT_OUTPUT_FILE_0}\"\n";
			showEnvVarsInLog = 0;
		};
/* End PBXShellScriptBuildPhase section */

/* Begin PBXSourcesBuildPhase section */
		D8297D3C25F966A200D11509 /* Sources */ = {
			isa = PBXSourcesBuildPhase;
			buildActionMask = 2147483647;
			files = (
				D8297DA225F9AE7D00D11509 /* PostCell.swift in Sources */,
				D8297D8325F9896E00D11509 /* LoginViewController.swift in Sources */,
				D8297D4425F966A200D11509 /* AppDelegate.swift in Sources */,
				D8297D8825F9898700D11509 /* FeedViewController.swift in Sources */,
				D8297D4625F966A200D11509 /* SceneDelegate.swift in Sources */,
				D8297D8D25F9937900D11509 /* SignUpViewController.swift in Sources */,
				D8297D9225F9978C00D11509 /* CameraViewController.swift in Sources */,
			);
			runOnlyForDeploymentPostprocessing = 0;
		};
		D8297D5225F966A800D11509 /* Sources */ = {
			isa = PBXSourcesBuildPhase;
			buildActionMask = 2147483647;
			files = (
				D8297D5B25F966A800D11509 /* ParstagramTests.swift in Sources */,
			);
			runOnlyForDeploymentPostprocessing = 0;
		};
		D8297D5D25F966A800D11509 /* Sources */ = {
			isa = PBXSourcesBuildPhase;
			buildActionMask = 2147483647;
			files = (
				D8297D6625F966A800D11509 /* ParstagramUITests.swift in Sources */,
			);
			runOnlyForDeploymentPostprocessing = 0;
		};
/* End PBXSourcesBuildPhase section */

/* Begin PBXTargetDependency section */
		D8297D5825F966A800D11509 /* PBXTargetDependency */ = {
			isa = PBXTargetDependency;
			target = D8297D3F25F966A200D11509 /* Parstagram */;
			targetProxy = D8297D5725F966A800D11509 /* PBXContainerItemProxy */;
		};
		D8297D6325F966A800D11509 /* PBXTargetDependency */ = {
			isa = PBXTargetDependency;
			target = D8297D3F25F966A200D11509 /* Parstagram */;
			targetProxy = D8297D6225F966A800D11509 /* PBXContainerItemProxy */;
		};
/* End PBXTargetDependency section */

/* Begin PBXVariantGroup section */
		D8297D4925F966A200D11509 /* Main.storyboard */ = {
			isa = PBXVariantGroup;
			children = (
				D8297D4A25F966A200D11509 /* Base */,
			);
			name = Main.storyboard;
			sourceTree = "<group>";
		};
		D8297D4E25F966A800D11509 /* LaunchScreen.storyboard */ = {
			isa = PBXVariantGroup;
			children = (
				D8297D4F25F966A800D11509 /* Base */,
			);
			name = LaunchScreen.storyboard;
			sourceTree = "<group>";
		};
/* End PBXVariantGroup section */

/* Begin XCBuildConfiguration section */
		D8297D6825F966A800D11509 /* Debug */ = {
			isa = XCBuildConfiguration;
			buildSettings = {
				ALWAYS_SEARCH_USER_PATHS = NO;
				CLANG_ANALYZER_NONNULL = YES;
				CLANG_ANALYZER_NUMBER_OBJECT_CONVERSION = YES_AGGRESSIVE;
				CLANG_CXX_LANGUAGE_STANDARD = "gnu++14";
				CLANG_CXX_LIBRARY = "libc++";
				CLANG_ENABLE_MODULES = YES;
				CLANG_ENABLE_OBJC_ARC = YES;
				CLANG_ENABLE_OBJC_WEAK = YES;
				CLANG_WARN_BLOCK_CAPTURE_AUTORELEASING = YES;
				CLANG_WARN_BOOL_CONVERSION = YES;
				CLANG_WARN_COMMA = YES;
				CLANG_WARN_CONSTANT_CONVERSION = YES;
				CLANG_WARN_DEPRECATED_OBJC_IMPLEMENTATIONS = YES;
				CLANG_WARN_DIRECT_OBJC_ISA_USAGE = YES_ERROR;
				CLANG_WARN_DOCUMENTATION_COMMENTS = YES;
				CLANG_WARN_EMPTY_BODY = YES;
				CLANG_WARN_ENUM_CONVERSION = YES;
				CLANG_WARN_INFINITE_RECURSION = YES;
				CLANG_WARN_INT_CONVERSION = YES;
				CLANG_WARN_NON_LITERAL_NULL_CONVERSION = YES;
				CLANG_WARN_OBJC_IMPLICIT_RETAIN_SELF = YES;
				CLANG_WARN_OBJC_LITERAL_CONVERSION = YES;
				CLANG_WARN_OBJC_ROOT_CLASS = YES_ERROR;
				CLANG_WARN_QUOTED_INCLUDE_IN_FRAMEWORK_HEADER = YES;
				CLANG_WARN_RANGE_LOOP_ANALYSIS = YES;
				CLANG_WARN_STRICT_PROTOTYPES = YES;
				CLANG_WARN_SUSPICIOUS_MOVE = YES;
				CLANG_WARN_UNGUARDED_AVAILABILITY = YES_AGGRESSIVE;
				CLANG_WARN_UNREACHABLE_CODE = YES;
				CLANG_WARN__DUPLICATE_METHOD_MATCH = YES;
				COPY_PHASE_STRIP = NO;
				DEBUG_INFORMATION_FORMAT = dwarf;
				ENABLE_STRICT_OBJC_MSGSEND = YES;
				ENABLE_TESTABILITY = YES;
				GCC_C_LANGUAGE_STANDARD = gnu11;
				GCC_DYNAMIC_NO_PIC = NO;
				GCC_NO_COMMON_BLOCKS = YES;
				GCC_OPTIMIZATION_LEVEL = 0;
				GCC_PREPROCESSOR_DEFINITIONS = (
					"DEBUG=1",
					"$(inherited)",
				);
				GCC_WARN_64_TO_32_BIT_CONVERSION = YES;
				GCC_WARN_ABOUT_RETURN_TYPE = YES_ERROR;
				GCC_WARN_UNDECLARED_SELECTOR = YES;
				GCC_WARN_UNINITIALIZED_AUTOS = YES_AGGRESSIVE;
				GCC_WARN_UNUSED_FUNCTION = YES;
				GCC_WARN_UNUSED_VARIABLE = YES;
				IPHONEOS_DEPLOYMENT_TARGET = 14.4;
				MTL_ENABLE_DEBUG_INFO = INCLUDE_SOURCE;
				MTL_FAST_MATH = YES;
				ONLY_ACTIVE_ARCH = YES;
				SDKROOT = iphoneos;
				SWIFT_ACTIVE_COMPILATION_CONDITIONS = DEBUG;
				SWIFT_OPTIMIZATION_LEVEL = "-Onone";
			};
			name = Debug;
		};
		D8297D6925F966A800D11509 /* Release */ = {
			isa = XCBuildConfiguration;
			buildSettings = {
				ALWAYS_SEARCH_USER_PATHS = NO;
				CLANG_ANALYZER_NONNULL = YES;
				CLANG_ANALYZER_NUMBER_OBJECT_CONVERSION = YES_AGGRESSIVE;
				CLANG_CXX_LANGUAGE_STANDARD = "gnu++14";
				CLANG_CXX_LIBRARY = "libc++";
				CLANG_ENABLE_MODULES = YES;
				CLANG_ENABLE_OBJC_ARC = YES;
				CLANG_ENABLE_OBJC_WEAK = YES;
				CLANG_WARN_BLOCK_CAPTURE_AUTORELEASING = YES;
				CLANG_WARN_BOOL_CONVERSION = YES;
				CLANG_WARN_COMMA = YES;
				CLANG_WARN_CONSTANT_CONVERSION = YES;
				CLANG_WARN_DEPRECATED_OBJC_IMPLEMENTATIONS = YES;
				CLANG_WARN_DIRECT_OBJC_ISA_USAGE = YES_ERROR;
				CLANG_WARN_DOCUMENTATION_COMMENTS = YES;
				CLANG_WARN_EMPTY_BODY = YES;
				CLANG_WARN_ENUM_CONVERSION = YES;
				CLANG_WARN_INFINITE_RECURSION = YES;
				CLANG_WARN_INT_CONVERSION = YES;
				CLANG_WARN_NON_LITERAL_NULL_CONVERSION = YES;
				CLANG_WARN_OBJC_IMPLICIT_RETAIN_SELF = YES;
				CLANG_WARN_OBJC_LITERAL_CONVERSION = YES;
				CLANG_WARN_OBJC_ROOT_CLASS = YES_ERROR;
				CLANG_WARN_QUOTED_INCLUDE_IN_FRAMEWORK_HEADER = YES;
				CLANG_WARN_RANGE_LOOP_ANALYSIS = YES;
				CLANG_WARN_STRICT_PROTOTYPES = YES;
				CLANG_WARN_SUSPICIOUS_MOVE = YES;
				CLANG_WARN_UNGUARDED_AVAILABILITY = YES_AGGRESSIVE;
				CLANG_WARN_UNREACHABLE_CODE = YES;
				CLANG_WARN__DUPLICATE_METHOD_MATCH = YES;
				COPY_PHASE_STRIP = NO;
				DEBUG_INFORMATION_FORMAT = "dwarf-with-dsym";
				ENABLE_NS_ASSERTIONS = NO;
				ENABLE_STRICT_OBJC_MSGSEND = YES;
				GCC_C_LANGUAGE_STANDARD = gnu11;
				GCC_NO_COMMON_BLOCKS = YES;
				GCC_WARN_64_TO_32_BIT_CONVERSION = YES;
				GCC_WARN_ABOUT_RETURN_TYPE = YES_ERROR;
				GCC_WARN_UNDECLARED_SELECTOR = YES;
				GCC_WARN_UNINITIALIZED_AUTOS = YES_AGGRESSIVE;
				GCC_WARN_UNUSED_FUNCTION = YES;
				GCC_WARN_UNUSED_VARIABLE = YES;
				IPHONEOS_DEPLOYMENT_TARGET = 14.4;
				MTL_ENABLE_DEBUG_INFO = NO;
				MTL_FAST_MATH = YES;
				SDKROOT = iphoneos;
				SWIFT_COMPILATION_MODE = wholemodule;
				SWIFT_OPTIMIZATION_LEVEL = "-O";
				VALIDATE_PRODUCT = YES;
			};
			name = Release;
		};
		D8297D6B25F966A800D11509 /* Debug */ = {
			isa = XCBuildConfiguration;
			baseConfigurationReference = D1C0BF49DA38F48B373AE719 /* Pods-Parstagram.debug.xcconfig */;
			buildSettings = {
				ASSETCATALOG_COMPILER_APPICON_NAME = AppIcon;
				ASSETCATALOG_COMPILER_GLOBAL_ACCENT_COLOR_NAME = AccentColor;
				CODE_SIGN_STYLE = Automatic;
				INFOPLIST_FILE = Parstagram/Info.plist;
				LD_RUNPATH_SEARCH_PATHS = (
					"$(inherited)",
					"@executable_path/Frameworks",
				);
				PRODUCT_BUNDLE_IDENTIFIER = com.reallyfarmedia.Parstagram;
				PRODUCT_NAME = "$(TARGET_NAME)";
				SWIFT_VERSION = 5.0;
				TARGETED_DEVICE_FAMILY = "1,2";
			};
			name = Debug;
		};
		D8297D6C25F966A800D11509 /* Release */ = {
			isa = XCBuildConfiguration;
			baseConfigurationReference = B48769C569AA172C68228846 /* Pods-Parstagram.release.xcconfig */;
			buildSettings = {
				ASSETCATALOG_COMPILER_APPICON_NAME = AppIcon;
				ASSETCATALOG_COMPILER_GLOBAL_ACCENT_COLOR_NAME = AccentColor;
				CODE_SIGN_STYLE = Automatic;
				INFOPLIST_FILE = Parstagram/Info.plist;
				LD_RUNPATH_SEARCH_PATHS = (
					"$(inherited)",
					"@executable_path/Frameworks",
				);
				PRODUCT_BUNDLE_IDENTIFIER = com.reallyfarmedia.Parstagram;
				PRODUCT_NAME = "$(TARGET_NAME)";
				SWIFT_VERSION = 5.0;
				TARGETED_DEVICE_FAMILY = "1,2";
			};
			name = Release;
		};
		D8297D6E25F966A800D11509 /* Debug */ = {
			isa = XCBuildConfiguration;
			baseConfigurationReference = 2067B47441EDBABD09C5B3A7 /* Pods-ParstagramTests.debug.xcconfig */;
			buildSettings = {
				ALWAYS_EMBED_SWIFT_STANDARD_LIBRARIES = YES;
				BUNDLE_LOADER = "$(TEST_HOST)";
				CODE_SIGN_STYLE = Automatic;
				INFOPLIST_FILE = ParstagramTests/Info.plist;
				IPHONEOS_DEPLOYMENT_TARGET = 14.4;
				LD_RUNPATH_SEARCH_PATHS = (
					"$(inherited)",
					"@executable_path/Frameworks",
					"@loader_path/Frameworks",
				);
				PRODUCT_BUNDLE_IDENTIFIER = com.reallyfarmedia.ParstagramTests;
				PRODUCT_NAME = "$(TARGET_NAME)";
				SWIFT_VERSION = 5.0;
				TARGETED_DEVICE_FAMILY = "1,2";
				TEST_HOST = "$(BUILT_PRODUCTS_DIR)/Parstagram.app/Parstagram";
			};
			name = Debug;
		};
		D8297D6F25F966A800D11509 /* Release */ = {
			isa = XCBuildConfiguration;
			baseConfigurationReference = 1C0ABFE0A7E788F6C42A06D6 /* Pods-ParstagramTests.release.xcconfig */;
			buildSettings = {
				ALWAYS_EMBED_SWIFT_STANDARD_LIBRARIES = YES;
				BUNDLE_LOADER = "$(TEST_HOST)";
				CODE_SIGN_STYLE = Automatic;
				INFOPLIST_FILE = ParstagramTests/Info.plist;
				IPHONEOS_DEPLOYMENT_TARGET = 14.4;
				LD_RUNPATH_SEARCH_PATHS = (
					"$(inherited)",
					"@executable_path/Frameworks",
					"@loader_path/Frameworks",
				);
				PRODUCT_BUNDLE_IDENTIFIER = com.reallyfarmedia.ParstagramTests;
				PRODUCT_NAME = "$(TARGET_NAME)";
				SWIFT_VERSION = 5.0;
				TARGETED_DEVICE_FAMILY = "1,2";
				TEST_HOST = "$(BUILT_PRODUCTS_DIR)/Parstagram.app/Parstagram";
			};
			name = Release;
		};
		D8297D7125F966A800D11509 /* Debug */ = {
			isa = XCBuildConfiguration;
			baseConfigurationReference = C647B3F060DD49EA64F4E02A /* Pods-Parstagram-ParstagramUITests.debug.xcconfig */;
			buildSettings = {
				ALWAYS_EMBED_SWIFT_STANDARD_LIBRARIES = YES;
				CODE_SIGN_STYLE = Automatic;
				INFOPLIST_FILE = ParstagramUITests/Info.plist;
				LD_RUNPATH_SEARCH_PATHS = (
					"$(inherited)",
					"@executable_path/Frameworks",
					"@loader_path/Frameworks",
				);
				PRODUCT_BUNDLE_IDENTIFIER = com.reallyfarmedia.ParstagramUITests;
				PRODUCT_NAME = "$(TARGET_NAME)";
				SWIFT_VERSION = 5.0;
				TARGETED_DEVICE_FAMILY = "1,2";
				TEST_TARGET_NAME = Parstagram;
			};
			name = Debug;
		};
		D8297D7225F966A800D11509 /* Release */ = {
			isa = XCBuildConfiguration;
			baseConfigurationReference = A56DAD8E6A7922F75080E020 /* Pods-Parstagram-ParstagramUITests.release.xcconfig */;
			buildSettings = {
				ALWAYS_EMBED_SWIFT_STANDARD_LIBRARIES = YES;
				CODE_SIGN_STYLE = Automatic;
				INFOPLIST_FILE = ParstagramUITests/Info.plist;
				LD_RUNPATH_SEARCH_PATHS = (
					"$(inherited)",
					"@executable_path/Frameworks",
					"@loader_path/Frameworks",
				);
				PRODUCT_BUNDLE_IDENTIFIER = com.reallyfarmedia.ParstagramUITests;
				PRODUCT_NAME = "$(TARGET_NAME)";
				SWIFT_VERSION = 5.0;
				TARGETED_DEVICE_FAMILY = "1,2";
				TEST_TARGET_NAME = Parstagram;
			};
			name = Release;
		};
/* End XCBuildConfiguration section */

/* Begin XCConfigurationList section */
		D8297D3B25F966A200D11509 /* Build configuration list for PBXProject "Parstagram" */ = {
			isa = XCConfigurationList;
			buildConfigurations = (
				D8297D6825F966A800D11509 /* Debug */,
				D8297D6925F966A800D11509 /* Release */,
			);
			defaultConfigurationIsVisible = 0;
			defaultConfigurationName = Release;
		};
		D8297D6A25F966A800D11509 /* Build configuration list for PBXNativeTarget "Parstagram" */ = {
			isa = XCConfigurationList;
			buildConfigurations = (
				D8297D6B25F966A800D11509 /* Debug */,
				D8297D6C25F966A800D11509 /* Release */,
			);
			defaultConfigurationIsVisible = 0;
			defaultConfigurationName = Release;
		};
		D8297D6D25F966A800D11509 /* Build configuration list for PBXNativeTarget "ParstagramTests" */ = {
			isa = XCConfigurationList;
			buildConfigurations = (
				D8297D6E25F966A800D11509 /* Debug */,
				D8297D6F25F966A800D11509 /* Release */,
			);
			defaultConfigurationIsVisible = 0;
			defaultConfigurationName = Release;
		};
		D8297D7025F966A800D11509 /* Build configuration list for PBXNativeTarget "ParstagramUITests" */ = {
			isa = XCConfigurationList;
			buildConfigurations = (
				D8297D7125F966A800D11509 /* Debug */,
				D8297D7225F966A800D11509 /* Release */,
			);
			defaultConfigurationIsVisible = 0;
			defaultConfigurationName = Release;
		};
/* End XCConfigurationList section */
	};
	rootObject = D8297D3825F966A200D11509 /* Project object */;
}
